
Microsoft Visual Studio Solution File, Format Version 12.00
# Visual Studio 15
Project("{FAE04EC0-301F-11D3-BF4B-00C04F79EFBC}") = "CognizantTest.Android", "CognizantTest.Android\CognizantTest.Android.csproj", "{D8C75AC2-C12B-4CF2-B9C3-CCB64A0A6237}"
EndProject
Project("{FAE04EC0-301F-11D3-BF4B-00C04F79EFBC}") = "CognizantTest.iOS", "CognizantTest.iOS\CognizantTest.iOS.csproj", "{4091B529-3D96-42A8-A7C4-BFFEA0F53BC8}"
EndProject
Project("{D954291E-2A0B-460D-934E-DC6B0785DB48}") = "CognizantTest", "CognizantTest\CognizantTest.shproj", "{9308574D-E83F-46B8-B3E6-AF6290A1FFBF}"
EndProject
Global
	GlobalSection(SolutionConfigurationPlatforms) = preSolution
		Debug|Any CPU = Debug|Any CPU
		Release|Any CPU = Release|Any CPU
		Debug|iPhoneSimulator = Debug|iPhoneSimulator
		Release|iPhoneSimulator = Release|iPhoneSimulator
		Debug|iPhone = Debug|iPhone
		Release|iPhone = Release|iPhone
	EndGlobalSection
	GlobalSection(ProjectConfigurationPlatforms) = postSolution
		{D8C75AC2-C12B-4CF2-B9C3-CCB64A0A6237}.Debug|Any CPU.ActiveCfg = Debug|Any CPU
		{D8C75AC2-C12B-4CF2-B9C3-CCB64A0A6237}.Debug|Any CPU.Build.0 = Debug|Any CPU
		{D8C75AC2-C12B-4CF2-B9C3-CCB64A0A6237}.Release|Any CPU.ActiveCfg = Release|Any CPU
		{D8C75AC2-C12B-4CF2-B9C3-CCB64A0A6237}.Release|Any CPU.Build.0 = Release|Any CPU
		{D8C75AC2-C12B-4CF2-B9C3-CCB64A0A6237}.Debug|iPhoneSimulator.ActiveCfg = Debug|Any CPU
		{D8C75AC2-C12B-4CF2-B9C3-CCB64A0A6237}.Debug|iPhoneSimulator.Build.0 = Debug|Any CPU
		{D8C75AC2-C12B-4CF2-B9C3-CCB64A0A6237}.Release|iPhoneSimulator.ActiveCfg = Release|Any CPU
		{D8C75AC2-C12B-4CF2-B9C3-CCB64A0A6237}.Release|iPhoneSimulator.Build.0 = Release|Any CPU
		{D8C75AC2-C12B-4CF2-B9C3-CCB64A0A6237}.Debug|iPhone.ActiveCfg = Debug|Any CPU
		{D8C75AC2-C12B-4CF2-B9C3-CCB64A0A6237}.Debug|iPhone.Build.0 = Debug|Any CPU
		{D8C75AC2-C12B-4CF2-B9C3-CCB64A0A6237}.Release|iPhone.ActiveCfg = Release|Any CPU
		{D8C75AC2-C12B-4CF2-B9C3-CCB64A0A6237}.Release|iPhone.Build.0 = Release|Any CPU
		{4091B529-3D96-42A8-A7C4-BFFEA0F53BC8}.Debug|Any CPU.ActiveCfg = Debug|iPhoneSimulator
		{4091B529-3D96-42A8-A7C4-BFFEA0F53BC8}.Debug|Any CPU.Build.0 = Debug|iPhoneSimulator
		{4091B529-3D96-42A8-A7C4-BFFEA0F53BC8}.Release|Any CPU.ActiveCfg = Release|iPhoneSimulator
		{4091B529-3D96-42A8-A7C4-BFFEA0F53BC8}.Release|Any CPU.Build.0 = Release|iPhoneSimulator
		{4091B529-3D96-42A8-A7C4-BFFEA0F53BC8}.Debug|iPhoneSimulator.ActiveCfg = Debug|iPhoneSimulator
		{4091B529-3D96-42A8-A7C4-BFFEA0F53BC8}.Debug|iPhoneSimulator.Build.0 = Debug|iPhoneSimulator
		{4091B529-3D96-42A8-A7C4-BFFEA0F53BC8}.Release|iPhoneSimulator.ActiveCfg = Release|iPhoneSimulator
		{4091B529-3D96-42A8-A7C4-BFFEA0F53BC8}.Release|iPhoneSimulator.Build.0 = Release|iPhoneSimulator
		{4091B529-3D96-42A8-A7C4-BFFEA0F53BC8}.Debug|iPhone.ActiveCfg = Debug|iPhone
		{4091B529-3D96-42A8-A7C4-BFFEA0F53BC8}.Debug|iPhone.Build.0 = Debug|iPhone
		{4091B529-3D96-42A8-A7C4-BFFEA0F53BC8}.Release|iPhone.ActiveCfg = Release|iPhone
		{4091B529-3D96-42A8-A7C4-BFFEA0F53BC8}.Release|iPhone.Build.0 = Release|iPhone
	EndGlobalSection
EndGlobal
